dependencies:
- name: consul
  repository: file://charts/consul
  version: 0.1.0
- name: front-ui
  repository: file://charts/front-ui
  version: 0.1.0
- name: keycloak
  repository: file://charts/keycloak
  version: 0.1.0
- name: postgresql
  repository: file://charts/postgresql
  version: 0.1.0
- name: gateway
  repository: file://charts/gateway
  version: 0.1.0
- name: accounts
  repository: file://charts/accounts
  version: 0.1.0
- name: cash
  repository: file://charts/cash
  version: 0.1.0
- name: transfer
  repository: file://charts/transfer
  version: 0.1.0
digest: sha256:f54dcec77c23598a29d9db25999a9c20c9899367883520d58b604bc4b89c5e31
generated: "2025-11-07T10:26:05.92773+07:00"
